
Microsoft Visual Studio Solution File, Format Version 12.00
# Visual Studio Version 16
VisualStudioVersion = 16.0.29920.165
MinimumVisualStudioVersion = 10.0.40219.1
Project("{FAE04EC0-301F-11D3-BF4B-00C04F79EFBC}") = "OSBB", "OSBB\OSBB.csproj", "{30A32162-98BB-4372-8C65-12AD803D0B13}"
EndProject
Global
	GlobalSection(SolutionConfigurationPlatforms) = preSolution
		Debug|Any CPU = Debug|Any CPU
		Release|Any CPU = Release|Any CPU
	EndGlobalSection
	GlobalSection(ProjectConfigurationPlatforms) = postSolution
		{30A32162-98BB-4372-8C65-12AD803D0B13}.Debug|Any CPU.ActiveCfg = Debug|Any CPU
		{30A32162-98BB-4372-8C65-12AD803D0B13}.Debug|Any CPU.Build.0 = Debug|Any CPU
		{30A32162-98BB-4372-8C65-12AD803D0B13}.Release|Any CPU.ActiveCfg = Release|Any CPU
		{30A32162-98BB-4372-8C65-12AD803D0B13}.Release|Any CPU.Build.0 = Release|Any CPU
	EndGlobalSection
	GlobalSection(SolutionProperties) = preSolution
		HideSolutionNode = FALSE
	EndGlobalSection
	GlobalSection(ExtensibilityGlobals) = postSolution
		SolutionGuid = {CDED75F7-3B34-410D-91B5-CDF413427E18}
	EndGlobalSection
EndGlobal
